
Microsoft Visual Studio Solution File, Format Version 12.00
# Visual Studio Version 16
VisualStudioVersion = 16.0.31005.135
MinimumVisualStudioVersion = 10.0.40219.1
Project("{FAE04EC0-301F-11D3-BF4B-00C04F79EFBC}") = "TestV3", "TestV3.csproj", "{F6971DB9-D22B-490A-8B73-6F92E936C9B2}"
EndProject
Global
	GlobalSection(SolutionConfigurationPlatforms) = preSolution
		Debug|Any CPU = Debug|Any CPU
		Release|Any CPU = Release|Any CPU
	EndGlobalSection
	GlobalSection(ProjectConfigurationPlatforms) = postSolution
		{F6971DB9-D22B-490A-8B73-6F92E936C9B2}.Debug|Any CPU.ActiveCfg = Debug|Any CPU
		{F6971DB9-D22B-490A-8B73-6F92E936C9B2}.Debug|Any CPU.Build.0 = Debug|Any CPU
		{F6971DB9-D22B-490A-8B73-6F92E936C9B2}.Release|Any CPU.ActiveCfg = Release|Any CPU
		{F6971DB9-D22B-490A-8B73-6F92E936C9B2}.Release|Any CPU.Build.0 = Release|Any CPU
	EndGlobalSection
	GlobalSection(SolutionProperties) = preSolution
		HideSolutionNode = FALSE
	EndGlobalSection
	GlobalSection(ExtensibilityGlobals) = postSolution
		SolutionGuid = {3BE92463-D0F5-4202-8482-2D3E67F78571}
	EndGlobalSection
EndGlobal
